// !$*UTF8*$!
{
	archiveVersion = 1;
	classes = {
	};
	objectVersion = 56;
	objects = {

/* Begin PBXBuildFile section */
		28A6BF452BBD607E00A75528 /* AppDelegate.swift in Sources */ = {isa = PBXBuildFile; fileRef = 28A6BF442BBD607E00A75528 /* AppDelegate.swift */; };
		28A6BF472BBD607E00A75528 /* SceneDelegate.swift in Sources */ = {isa = PBXBuildFile; fileRef = 28A6BF462BBD607E00A75528 /* SceneDelegate.swift */; };
		28A6BF492BBD607E00A75528 /* ViewController.swift in Sources */ = {isa = PBXBuildFile; fileRef = 28A6BF482BBD607E00A75528 /* ViewController.swift */; };
		28A6BF4C2BBD607E00A75528 /* Base in Resources */ = {isa = PBXBuildFile; fileRef = 28A6BF4B2BBD607E00A75528 /* Base */; };
		28A6BF4E2BBD607F00A75528 /* Assets.xcassets in Resources */ = {isa = PBXBuildFile; fileRef = 28A6BF4D2BBD607F00A75528 /* Assets.xcassets */; };
		28A6BF512BBD607F00A75528 /* Base in Resources */ = {isa = PBXBuildFile; fileRef = 28A6BF502BBD607F00A75528 /* Base */; };
		28A6BF5C2BBD608000A75528 /* customHeaderView_FooterViewTests.swift in Sources */ = {isa = PBXBuildFile; fileRef = 28A6BF5B2BBD608000A75528 /* customHeaderView_FooterViewTests.swift */; };
		28A6BF662BBD608000A75528 /* customHeaderView_FooterViewUITests.swift in Sources */ = {isa = PBXBuildFile; fileRef = 28A6BF652BBD608000A75528 /* customHeaderView_FooterViewUITests.swift */; };
		28A6BF682BBD608000A75528 /* customHeaderView_FooterViewUITestsLaunchTests.swift in Sources */ = {isa = PBXBuildFile; fileRef = 28A6BF672BBD608000A75528 /* customHeaderView_FooterViewUITestsLaunchTests.swift */; };
		28A6BF772BBD60F000A75528 /* customHeaderView.xib in Resources */ = {isa = PBXBuildFile; fileRef = 28A6BF762BBD60EF00A75528 /* customHeaderView.xib */; };
		28A6BF792BBD691000A75528 /* customerHeaderView.swift in Sources */ = {isa = PBXBuildFile; fileRef = 28A6BF782BBD690F00A75528 /* customerHeaderView.swift */; };
		28A6BF7B2BBD724500A75528 /* customerFooterView.swift in Sources */ = {isa = PBXBuildFile; fileRef = 28A6BF7A2BBD724500A75528 /* customerFooterView.swift */; };
		28A6BF7D2BBD726400A75528 /* customFooterView.xib in Resources */ = {isa = PBXBuildFile; fileRef = 28A6BF7C2BBD726400A75528 /* customFooterView.xib */; };
/* End PBXBuildFile section */

/* Begin PBXContainerItemProxy section */
		28A6BF582BBD608000A75528 /* PBXContainerItemProxy */ = {
			isa = PBXContainerItemProxy;
			containerPortal = 28A6BF392BBD607E00A75528 /* Project object */;
			proxyType = 1;
			remoteGlobalIDString = 28A6BF402BBD607E00A75528;
			remoteInfo = "customHeaderView&FooterView";
		};
		28A6BF622BBD608000A75528 /* PBXContainerItemProxy */ = {
			isa = PBXContainerItemProxy;
			containerPortal = 28A6BF392BBD607E00A75528 /* Project object */;
			proxyType = 1;
			remoteGlobalIDString = 28A6BF402BBD607E00A75528;
			remoteInfo = "customHeaderView&FooterView";
		};
/* End PBXContainerItemProxy section */

/* Begin PBXFileReference section */
		28A6BF412BBD607E00A75528 /* customHeaderView&FooterView.app */ = {isa = PBXFileReference; explicitFileType = wrapper.application; includeInIndex = 0; path = "customHeaderView&FooterView.app"; sourceTree = BUILT_PRODUCTS_DIR; };
		28A6BF442BBD607E00A75528 /* AppDelegate.swift */ = {isa = PBXFileReference; lastKnownFileType = sourcecode.swift; path = AppDelegate.swift; sourceTree = "<group>"; };
		28A6BF462BBD607E00A75528 /* SceneDelegate.swift */ = {isa = PBXFileReference; lastKnownFileType = sourcecode.swift; path = SceneDelegate.swift; sourceTree = "<group>"; };
		28A6BF482BBD607E00A75528 /* ViewController.swift */ = {isa = PBXFileReference; lastKnownFileType = sourcecode.swift; path = ViewController.swift; sourceTree = "<group>"; };
		28A6BF4B2BBD607E00A75528 /* Base */ = {isa = PBXFileReference; lastKnownFileType = file.storyboard; name = Base; path = Base.lproj/Main.storyboard; sourceTree = "<group>"; };
		28A6BF4D2BBD607F00A75528 /* Assets.xcassets */ = {isa = PBXFileReference; lastKnownFileType = folder.assetcatalog; path = Assets.xcassets; sourceTree = "<group>"; };
		28A6BF502BBD607F00A75528 /* Base */ = {isa = PBXFileReference; lastKnownFileType = file.storyboard; name = Base; path = Base.lproj/LaunchScreen.storyboard; sourceTree = "<group>"; };
		28A6BF522BBD607F00A75528 /* Info.plist */ = {isa = PBXFileReference; lastKnownFileType = text.plist.xml; path = Info.plist; sourceTree = "<group>"; };
		28A6BF572BBD608000A75528 /* customHeaderView&FooterViewTests.xctest */ = {isa = PBXFileReference; explicitFileType = wrapper.cfbundle; includeInIndex = 0; path = "customHeaderView&FooterViewTests.xctest"; sourceTree = BUILT_PRODUCTS_DIR; };
		28A6BF5B2BBD608000A75528 /* customHeaderView_FooterViewTests.swift */ = {isa = PBXFileReference; lastKnownFileType = sourcecode.swift; path = customHeaderView_FooterViewTests.swift; sourceTree = "<group>"; };
		28A6BF612BBD608000A75528 /* customHeaderView&FooterViewUITests.xctest */ = {isa = PBXFileReference; explicitFileType = wrapper.cfbundle; includeInIndex = 0; path = "customHeaderView&FooterViewUITests.xctest"; sourceTree = BUILT_PRODUCTS_DIR; };
		28A6BF652BBD608000A75528 /* customHeaderView_FooterViewUITests.swift */ = {isa = PBXFileReference; lastKnownFileType = sourcecode.swift; path = customHeaderView_FooterViewUITests.swift; sourceTree = "<group>"; };
		28A6BF672BBD608000A75528 /* customHeaderView_FooterViewUITestsLaunchTests.swift */ = {isa = PBXFileReference; lastKnownFileType = sourcecode.swift; path = customHeaderView_FooterViewUITestsLaunchTests.swift; sourceTree = "<group>"; };
		28A6BF762BBD60EF00A75528 /* customHeaderView.xib */ = {isa = PBXFileReference; lastKnownFileType = file.xib; path = customHeaderView.xib; sourceTree = "<group>"; };
		28A6BF782BBD690F00A75528 /* customerHeaderView.swift */ = {isa = PBXFileReference; lastKnownFileType = sourcecode.swift; path = customerHeaderView.swift; sourceTree = "<group>"; };
		28A6BF7A2BBD724500A75528 /* customerFooterView.swift */ = {isa = PBXFileReference; lastKnownFileType = sourcecode.swift; path = customerFooterView.swift; sourceTree = "<group>"; };
		28A6BF7C2BBD726400A75528 /* customFooterView.xib */ = {isa = PBXFileReference; lastKnownFileType = file.xib; path = customFooterView.xib; sourceTree = "<group>"; };
/* End PBXFileReference section */

/* Begin PBXFrameworksBuildPhase section */
		28A6BF3E2BBD607E00A75528 /* Frameworks */ = {
			isa = PBXFrameworksBuildPhase;
			buildActionMask = 2147483647;
			files = (
			);
			runOnlyForDeploymentPostprocessing = 0;
		};
		28A6BF542BBD608000A75528 /* Frameworks */ = {
			isa = PBXFrameworksBuildPhase;
			buildActionMask = 2147483647;
			files = (
			);
			runOnlyForDeploymentPostprocessing = 0;
		};
		28A6BF5E2BBD608000A75528 /* Frameworks */ = {
			isa = PBXFrameworksBuildPhase;
			buildActionMask = 2147483647;
			files = (
			);
			runOnlyForDeploymentPostprocessing = 0;
		};
/* End PBXFrameworksBuildPhase section */

/* Begin PBXGroup section */
		28A6BF382BBD607E00A75528 = {
			isa = PBXGroup;
			children = (
				28A6BF432BBD607E00A75528 /* customHeaderView&FooterView */,
				28A6BF5A2BBD608000A75528 /* customHeaderView&FooterViewTests */,
				28A6BF642BBD608000A75528 /* customHeaderView&FooterViewUITests */,
				28A6BF422BBD607E00A75528 /* Products */,
			);
			sourceTree = "<group>";
		};
		28A6BF422BBD607E00A75528 /* Products */ = {
			isa = PBXGroup;
			children = (
				28A6BF412BBD607E00A75528 /* customHeaderView&FooterView.app */,
				28A6BF572BBD608000A75528 /* customHeaderView&FooterViewTests.xctest */,
				28A6BF612BBD608000A75528 /* customHeaderView&FooterViewUITests.xctest */,
			);
			name = Products;
			sourceTree = "<group>";
		};
		28A6BF432BBD607E00A75528 /* customHeaderView&FooterView */ = {
			isa = PBXGroup;
			children = (
				28A6BF442BBD607E00A75528 /* AppDelegate.swift */,
				28A6BF462BBD607E00A75528 /* SceneDelegate.swift */,
				28A6BF482BBD607E00A75528 /* ViewController.swift */,
				28A6BF782BBD690F00A75528 /* customerHeaderView.swift */,
				28A6BF4A2BBD607E00A75528 /* Main.storyboard */,
				28A6BF7A2BBD724500A75528 /* customerFooterView.swift */,
				28A6BF7C2BBD726400A75528 /* customFooterView.xib */,
				28A6BF762BBD60EF00A75528 /* customHeaderView.xib */,
				28A6BF4D2BBD607F00A75528 /* Assets.xcassets */,
				28A6BF4F2BBD607F00A75528 /* LaunchScreen.storyboard */,
				28A6BF522BBD607F00A75528 /* Info.plist */,
			);
			path = "customHeaderView&FooterView";
			sourceTree = "<group>";
		};
		28A6BF5A2BBD608000A75528 /* customHeaderView&FooterViewTests */ = {
			isa = PBXGroup;
			children = (
				28A6BF5B2BBD608000A75528 /* customHeaderView_FooterViewTests.swift */,
			);
			path = "customHeaderView&FooterViewTests";
			sourceTree = "<group>";
		};
		28A6BF642BBD608000A75528 /* customHeaderView&FooterViewUITests */ = {
			isa = PBXGroup;
			children = (
				28A6BF652BBD608000A75528 /* customHeaderView_FooterViewUITests.swift */,
				28A6BF672BBD608000A75528 /* customHeaderView_FooterViewUITestsLaunchTests.swift */,
			);
			path = "customHeaderView&FooterViewUITests";
			sourceTree = "<group>";
		};
/* End PBXGroup section */

/* Begin PBXNativeTarget section */
		28A6BF402BBD607E00A75528 /* customHeaderView&FooterView */ = {
			isa = PBXNativeTarget;
			buildConfigurationList = 28A6BF6B2BBD608000A75528 /* Build configuration list for PBXNativeTarget "customHeaderView&FooterView" */;
			buildPhases = (
				28A6BF3D2BBD607E00A75528 /* Sources */,
				28A6BF3E2BBD607E00A75528 /* Frameworks */,
				28A6BF3F2BBD607E00A75528 /* Resources */,
			);
			buildRules = (
			);
			dependencies = (
			);
			name = "customHeaderView&FooterView";
			productName = "customHeaderView&FooterView";
			productReference = 28A6BF412BBD607E00A75528 /* customHeaderView&FooterView.app */;
			productType = "com.apple.product-type.application";
		};
		28A6BF562BBD608000A75528 /* customHeaderView&FooterViewTests */ = {
			isa = PBXNativeTarget;
			buildConfigurationList = 28A6BF6E2BBD608000A75528 /* Build configuration list for PBXNativeTarget "customHeaderView&FooterViewTests" */;
			buildPhases = (
				28A6BF532BBD608000A75528 /* Sources */,
				28A6BF542BBD608000A75528 /* Frameworks */,
				28A6BF552BBD608000A75528 /* Resources */,
			);
			buildRules = (
			);
			dependencies = (
				28A6BF592BBD608000A75528 /* PBXTargetDependency */,
			);
			name = "customHeaderView&FooterViewTests";
			productName = "customHeaderView&FooterViewTests";
			productReference = 28A6BF572BBD608000A75528 /* customHeaderView&FooterViewTests.xctest */;
			productType = "com.apple.product-type.bundle.unit-test";
		};
		28A6BF602BBD608000A75528 /* customHeaderView&FooterViewUITests */ = {
			isa = PBXNativeTarget;
			buildConfigurationList = 28A6BF712BBD608000A75528 /* Build configuration list for PBXNativeTarget "customHeaderView&FooterViewUITests" */;
			buildPhases = (
				28A6BF5D2BBD608000A75528 /* Sources */,
				28A6BF5E2BBD608000A75528 /* Frameworks */,
				28A6BF5F2BBD608000A75528 /* Resources */,
			);
			buildRules = (
			);
			dependencies = (
				28A6BF632BBD608000A75528 /* PBXTargetDependency */,
			);
			name = "customHeaderView&FooterViewUITests";
			productName = "customHeaderView&FooterViewUITests";
			productReference = 28A6BF612BBD608000A75528 /* customHeaderView&FooterViewUITests.xctest */;
			productType = "com.apple.product-type.bundle.ui-testing";
		};
/* End PBXNativeTarget section */

/* Begin PBXProject section */
		28A6BF392BBD607E00A75528 /* Project object */ = {
			isa = PBXProject;
			attributes = {
				BuildIndependentTargetsInParallel = 1;
				LastSwiftUpdateCheck = 1530;
				LastUpgradeCheck = 1530;
				TargetAttributes = {
					28A6BF402BBD607E00A75528 = {
						CreatedOnToolsVersion = 15.3;
					};
					28A6BF562BBD608000A75528 = {
						CreatedOnToolsVersion = 15.3;
						TestTargetID = 28A6BF402BBD607E00A75528;
					};
					28A6BF602BBD608000A75528 = {
						CreatedOnToolsVersion = 15.3;
						TestTargetID = 28A6BF402BBD607E00A75528;
					};
				};
			};
			buildConfigurationList = 28A6BF3C2BBD607E00A75528 /* Build configuration list for PBXProject "customHeaderView&FooterView" */;
			compatibilityVersion = "Xcode 14.0";
			developmentRegion = en;
			hasScannedForEncodings = 0;
			knownRegions = (
				en,
				Base,
			);
			mainGroup = 28A6BF382BBD607E00A75528;
			productRefGroup = 28A6BF422BBD607E00A75528 /* Products */;
			projectDirPath = "";
			projectRoot = "";
			targets = (
				28A6BF402BBD607E00A75528 /* customHeaderView&FooterView */,
				28A6BF562BBD608000A75528 /* customHeaderView&FooterViewTests */,
				28A6BF602BBD608000A75528 /* customHeaderView&FooterViewUITests */,
			);
		};
/* End PBXProject section */

/* Begin PBXResourcesBuildPhase section */
		28A6BF3F2BBD607E00A75528 /* Resources */ = {
			isa = PBXResourcesBuildPhase;
			buildActionMask = 2147483647;
			files = (
				28A6BF772BBD60F000A75528 /* customHeaderView.xib in Resources */,
				28A6BF4E2BBD607F00A75528 /* Assets.xcassets in Resources */,
				28A6BF512BBD607F00A75528 /* Base in Resources */,
				28A6BF7D2BBD726400A75528 /* customFooterView.xib in Resources */,
				28A6BF4C2BBD607E00A75528 /* Base in Resources */,
			);
			runOnlyForDeploymentPostprocessing = 0;
		};
		28A6BF552BBD608000A75528 /* Resources */ = {
			isa = PBXResourcesBuildPhase;
			buildActionMask = 2147483647;
			files = (
			);
			runOnlyForDeploymentPostprocessing = 0;
		};
		28A6BF5F2BBD608000A75528 /* Resources */ = {
			isa = PBXResourcesBuildPhase;
			buildActionMask = 2147483647;
			files = (
			);
			runOnlyForDeploymentPostprocessing = 0;
		};
/* End PBXResourcesBuildPhase section */

/* Begin PBXSourcesBuildPhase section */
		28A6BF3D2BBD607E00A75528 /* Sources */ = {
			isa = PBXSourcesBuildPhase;
			buildActionMask = 2147483647;
			files = (
				28A6BF7B2BBD724500A75528 /* customerFooterView.swift in Sources */,
				28A6BF492BBD607E00A75528 /* ViewController.swift in Sources */,
				28A6BF792BBD691000A75528 /* customerHeaderView.swift in Sources */,
				28A6BF452BBD607E00A75528 /* AppDelegate.swift in Sources */,
				28A6BF472BBD607E00A75528 /* SceneDelegate.swift in Sources */,
			);
			runOnlyForDeploymentPostprocessing = 0;
		};
		28A6BF532BBD608000A75528 /* Sources */ = {
			isa = PBXSourcesBuildPhase;
			buildActionMask = 2147483647;
			files = (
				28A6BF5C2BBD608000A75528 /* customHeaderView_FooterViewTests.swift in Sources */,
			);
			runOnlyForDeploymentPostprocessing = 0;
		};
		28A6BF5D2BBD608000A75528 /* Sources */ = {
			isa = PBXSourcesBuildPhase;
			buildActionMask = 2147483647;
			files = (
				28A6BF662BBD608000A75528 /* customHeaderView_FooterViewUITests.swift in Sources */,
				28A6BF682BBD608000A75528 /* customHeaderView_FooterViewUITestsLaunchTests.swift in Sources */,
			);
			runOnlyForDeploymentPostprocessing = 0;
		};
/* End PBXSourcesBuildPhase section */

/* Begin PBXTargetDependency section */
		28A6BF592BBD608000A75528 /* PBXTargetDependency */ = {
			isa = PBXTargetDependency;
			target = 28A6BF402BBD607E00A75528 /* customHeaderView&FooterView */;
			targetProxy = 28A6BF582BBD608000A75528 /* PBXContainerItemProxy */;
		};
		28A6BF632BBD608000A75528 /* PBXTargetDependency */ = {
			isa = PBXTargetDependency;
			target = 28A6BF402BBD607E00A75528 /* customHeaderView&FooterView */;
			targetProxy = 28A6BF622BBD608000A75528 /* PBXContainerItemProxy */;
		};
/* End PBXTargetDependency section */

/* Begin PBXVariantGroup section */
		28A6BF4A2BBD607E00A75528 /* Main.storyboard */ = {
			isa = PBXVariantGroup;
			children = (
				28A6BF4B2BBD607E00A75528 /* Base */,
			);
			name = Main.storyboard;
			sourceTree = "<group>";
		};
		28A6BF4F2BBD607F00A75528 /* LaunchScreen.storyboard */ = {
			isa = PBXVariantGroup;
			children = (
				28A6BF502BBD607F00A75528 /* Base */,
			);
			name = LaunchScreen.storyboard;
			sourceTree = "<group>";
		};
/* End PBXVariantGroup section */

/* Begin XCBuildConfiguration section */
		28A6BF692BBD608000A75528 /* Debug */ = {
			isa = XCBuildConfiguration;
			buildSettings = {
				ALWAYS_SEARCH_USER_PATHS = NO;
				ASSETCATALOG_COMPILER_GENERATE_SWIFT_ASSET_SYMBOL_EXTENSIONS = YES;
				CLANG_ANALYZER_NONNULL = YES;
				CLANG_ANALYZER_NUMBER_OBJECT_CONVERSION = YES_AGGRESSIVE;
				CLANG_CXX_LANGUAGE_STANDARD = "gnu++20";
				CLANG_ENABLE_MODULES = YES;
				CLANG_ENABLE_OBJC_ARC = YES;
				CLANG_ENABLE_OBJC_WEAK = YES;
				CLANG_WARN_BLOCK_CAPTURE_AUTORELEASING = YES;
				CLANG_WARN_BOOL_CONVERSION = YES;
				CLANG_WARN_COMMA = YES;
				CLANG_WARN_CONSTANT_CONVERSION = YES;
				CLANG_WARN_DEPRECATED_OBJC_IMPLEMENTATIONS = YES;
				CLANG_WARN_DIRECT_OBJC_ISA_USAGE = YES_ERROR;
				CLANG_WARN_DOCUMENTATION_COMMENTS = YES;
				CLANG_WARN_EMPTY_BODY = YES;
				CLANG_WARN_ENUM_CONVERSION = YES;
				CLANG_WARN_INFINITE_RECURSION = YES;
				CLANG_WARN_INT_CONVERSION = YES;
				CLANG_WARN_NON_LITERAL_NULL_CONVERSION = YES;
				CLANG_WARN_OBJC_IMPLICIT_RETAIN_SELF = YES;
				CLANG_WARN_OBJC_LITERAL_CONVERSION = YES;
				CLANG_WARN_OBJC_ROOT_CLASS = YES_ERROR;
				CLANG_WARN_QUOTED_INCLUDE_IN_FRAMEWORK_HEADER = YES;
				CLANG_WARN_RANGE_LOOP_ANALYSIS = YES;
				CLANG_WARN_STRICT_PROTOTYPES = YES;
				CLANG_WARN_SUSPICIOUS_MOVE = YES;
				CLANG_WARN_UNGUARDED_AVAILABILITY = YES_AGGRESSIVE;
				CLANG_WARN_UNREACHABLE_CODE = YES;
				CLANG_WARN__DUPLICATE_METHOD_MATCH = YES;
				COPY_PHASE_STRIP = NO;
				DEBUG_INFORMATION_FORMAT = dwarf;
				ENABLE_STRICT_OBJC_MSGSEND = YES;
				ENABLE_TESTABILITY = YES;
				ENABLE_USER_SCRIPT_SANDBOXING = YES;
				GCC_C_LANGUAGE_STANDARD = gnu17;
				GCC_DYNAMIC_NO_PIC = NO;
				GCC_NO_COMMON_BLOCKS = YES;
				GCC_OPTIMIZATION_LEVEL = 0;
				GCC_PREPROCESSOR_DEFINITIONS = (
					"DEBUG=1",
					"$(inherited)",
				);
				GCC_WARN_64_TO_32_BIT_CONVERSION = YES;
				GCC_WARN_ABOUT_RETURN_TYPE = YES_ERROR;
				GCC_WARN_UNDECLARED_SELECTOR = YES;
				GCC_WARN_UNINITIALIZED_AUTOS = YES_AGGRESSIVE;
				GCC_WARN_UNUSED_FUNCTION = YES;
				GCC_WARN_UNUSED_VARIABLE = YES;
				IPHONEOS_DEPLOYMENT_TARGET = 17.4;
				LOCALIZATION_PREFERS_STRING_CATALOGS = YES;
				MTL_ENABLE_DEBUG_INFO = INCLUDE_SOURCE;
				MTL_FAST_MATH = YES;
				ONLY_ACTIVE_ARCH = YES;
				SDKROOT = iphoneos;
				SWIFT_ACTIVE_COMPILATION_CONDITIONS = "DEBUG $(inherited)";
				SWIFT_OPTIMIZATION_LEVEL = "-Onone";
			};
			name = Debug;
		};
		28A6BF6A2BBD608000A75528 /* Release */ = {
			isa = XCBuildConfiguration;
			buildSettings = {
				ALWAYS_SEARCH_USER_PATHS = NO;
				ASSETCATALOG_COMPILER_GENERATE_SWIFT_ASSET_SYMBOL_EXTENSIONS = YES;
				CLANG_ANALYZER_NONNULL = YES;
				CLANG_ANALYZER_NUMBER_OBJECT_CONVERSION = YES_AGGRESSIVE;
				CLANG_CXX_LANGUAGE_STANDARD = "gnu++20";
				CLANG_ENABLE_MODULES = YES;
				CLANG_ENABLE_OBJC_ARC = YES;
				CLANG_ENABLE_OBJC_WEAK = YES;
				CLANG_WARN_BLOCK_CAPTURE_AUTORELEASING = YES;
				CLANG_WARN_BOOL_CONVERSION = YES;
				CLANG_WARN_COMMA = YES;
				CLANG_WARN_CONSTANT_CONVERSION = YES;
				CLANG_WARN_DEPRECATED_OBJC_IMPLEMENTATIONS = YES;
				CLANG_WARN_DIRECT_OBJC_ISA_USAGE = YES_ERROR;
				CLANG_WARN_DOCUMENTATION_COMMENTS = YES;
				CLANG_WARN_EMPTY_BODY = YES;
				CLANG_WARN_ENUM_CONVERSION = YES;
				CLANG_WARN_INFINITE_RECURSION = YES;
				CLANG_WARN_INT_CONVERSION = YES;
				CLANG_WARN_NON_LITERAL_NULL_CONVERSION = YES;
				CLANG_WARN_OBJC_IMPLICIT_RETAIN_SELF = YES;
				CLANG_WARN_OBJC_LITERAL_CONVERSION = YES;
				CLANG_WARN_OBJC_ROOT_CLASS = YES_ERROR;
				CLANG_WARN_QUOTED_INCLUDE_IN_FRAMEWORK_HEADER = YES;
				CLANG_WARN_RANGE_LOOP_ANALYSIS = YES;
				CLANG_WARN_STRICT_PROTOTYPES = YES;
				CLANG_WARN_SUSPICIOUS_MOVE = YES;
				CLANG_WARN_UNGUARDED_AVAILABILITY = YES_AGGRESSIVE;
				CLANG_WARN_UNREACHABLE_CODE = YES;
				CLANG_WARN__DUPLICATE_METHOD_MATCH = YES;
				COPY_PHASE_STRIP = NO;
				DEBUG_INFORMATION_FORMAT = "dwarf-with-dsym";
				ENABLE_NS_ASSERTIONS = NO;
				ENABLE_STRICT_OBJC_MSGSEND = YES;
				ENABLE_USER_SCRIPT_SANDBOXING = YES;
				GCC_C_LANGUAGE_STANDARD = gnu17;
				GCC_NO_COMMON_BLOCKS = YES;
				GCC_WARN_64_TO_32_BIT_CONVERSION = YES;
				GCC_WARN_ABOUT_RETURN_TYPE = YES_ERROR;
				GCC_WARN_UNDECLARED_SELECTOR = YES;
				GCC_WARN_UNINITIALIZED_AUTOS = YES_AGGRESSIVE;
				GCC_WARN_UNUSED_FUNCTION = YES;
				GCC_WARN_UNUSED_VARIABLE = YES;
				IPHONEOS_DEPLOYMENT_TARGET = 17.4;
				LOCALIZATION_PREFERS_STRING_CATALOGS = YES;
				MTL_ENABLE_DEBUG_INFO = NO;
				MTL_FAST_MATH = YES;
				SDKROOT = iphoneos;
				SWIFT_COMPILATION_MODE = wholemodule;
				VALIDATE_PRODUCT = YES;
			};
			name = Release;
		};
		28A6BF6C2BBD608000A75528 /* Debug */ = {
			isa = XCBuildConfiguration;
			buildSettings = {
				ASSETCATALOG_COMPILER_APPICON_NAME = AppIcon;
				ASSETCATALOG_COMPILER_GLOBAL_ACCENT_COLOR_NAME = AccentColor;
				CODE_SIGN_STYLE = Automatic;
				CURRENT_PROJECT_VERSION = 1;
				GENERATE_INFOPLIST_FILE = YES;
				INFOPLIST_FILE = "customHeaderView&FooterView/Info.plist";
				INFOPLIST_KEY_UIApplicationSupportsIndirectInputEvents = YES;
				INFOPLIST_KEY_UILaunchStoryboardName = LaunchScreen;
				INFOPLIST_KEY_UIMainStoryboardFile = Main;
				INFOPLIST_KEY_UISupportedInterfaceOrientations_iPad = "UIInterfaceOrientationPortrait UIInterfaceOrientationPortraitUpsideDown UIInterfaceOrientationLandscapeLeft UIInterfaceOrientationLandscapeRight";
				INFOPLIST_KEY_UISupportedInterfaceOrientations_iPhone = "UIInterfaceOrientationPortrait UIInterfaceOrientationLandscapeLeft UIInterfaceOrientationLandscapeRight";
				LD_RUNPATH_SEARCH_PATHS = (
					"$(inherited)",
					"@executable_path/Frameworks",
				);
				MARKETING_VERSION = 1.0;
				PRODUCT_BUNDLE_IDENTIFIER = "muh.customHeaderView-FooterView";
				PRODUCT_NAME = "$(TARGET_NAME)";
				SWIFT_EMIT_LOC_STRINGS = YES;
				SWIFT_VERSION = 5.0;
				TARGETED_DEVICE_FAMILY = "1,2";
			};
			name = Debug;
		};
		28A6BF6D2BBD608000A75528 /* Release */ = {
			isa = XCBuildConfiguration;
			buildSettings = {
				ASSETCATALOG_COMPILER_APPICON_NAME = AppIcon;
				ASSETCATALOG_COMPILER_GLOBAL_ACCENT_COLOR_NAME = AccentColor;
				CODE_SIGN_STYLE = Automatic;
				CURRENT_PROJECT_VERSION = 1;
				GENERATE_INFOPLIST_FILE = YES;
				INFOPLIST_FILE = "customHeaderView&FooterView/Info.plist";
				INFOPLIST_KEY_UIApplicationSupportsIndirectInputEvents = YES;
				INFOPLIST_KEY_UILaunchStoryboardName = LaunchScreen;
				INFOPLIST_KEY_UIMainStoryboardFile = Main;
				INFOPLIST_KEY_UISupportedInterfaceOrientations_iPad = "UIInterfaceOrientationPortrait UIInterfaceOrientationPortraitUpsideDown UIInterfaceOrientationLandscapeLeft UIInterfaceOrientationLandscapeRight";
				INFOPLIST_KEY_UISupportedInterfaceOrientations_iPhone = "UIInterfaceOrientationPortrait UIInterfaceOrientationLandscapeLeft UIInterfaceOrientationLandscapeRight";
				LD_RUNPATH_SEARCH_PATHS = (
					"$(inherited)",
					"@executable_path/Frameworks",
				);
				MARKETING_VERSION = 1.0;
				PRODUCT_BUNDLE_IDENTIFIER = "muh.customHeaderView-FooterView";
				PRODUCT_NAME = "$(TARGET_NAME)";
				SWIFT_EMIT_LOC_STRINGS = YES;
				SWIFT_VERSION = 5.0;
				TARGETED_DEVICE_FAMILY = "1,2";
			};
			name = Release;
		};
		28A6BF6F2BBD608000A75528 /* Debug */ = {
			isa = XCBuildConfiguration;
			buildSettings = {
				ALWAYS_EMBED_SWIFT_STANDARD_LIBRARIES = YES;
				BUNDLE_LOADER = "$(TEST_HOST)";
				CODE_SIGN_STYLE = Automatic;
				CURRENT_PROJECT_VERSION = 1;
				GENERATE_INFOPLIST_FILE = YES;
				IPHONEOS_DEPLOYMENT_TARGET = 17.4;
				MARKETING_VERSION = 1.0;
				PRODUCT_BUNDLE_IDENTIFIER = "muh.customHeaderView-FooterViewTests";
				PRODUCT_NAME = "$(TARGET_NAME)";
				SWIFT_EMIT_LOC_STRINGS = NO;
				SWIFT_VERSION = 5.0;
				TARGETED_DEVICE_FAMILY = "1,2";
				TEST_HOST = "$(BUILT_PRODUCTS_DIR)/customHeaderView&FooterView.app/$(BUNDLE_EXECUTABLE_FOLDER_PATH)/customHeaderView&FooterView";
			};
			name = Debug;
		};
		28A6BF702BBD608000A75528 /* Release */ = {
			isa = XCBuildConfiguration;
			buildSettings = {
				ALWAYS_EMBED_SWIFT_STANDARD_LIBRARIES = YES;
				BUNDLE_LOADER = "$(TEST_HOST)";
				CODE_SIGN_STYLE = Automatic;
				CURRENT_PROJECT_VERSION = 1;
				GENERATE_INFOPLIST_FILE = YES;
				IPHONEOS_DEPLOYMENT_TARGET = 17.4;
				MARKETING_VERSION = 1.0;
				PRODUCT_BUNDLE_IDENTIFIER = "muh.customHeaderView-FooterViewTests";
				PRODUCT_NAME = "$(TARGET_NAME)";
				SWIFT_EMIT_LOC_STRINGS = NO;
				SWIFT_VERSION = 5.0;
				TARGETED_DEVICE_FAMILY = "1,2";
				TEST_HOST = "$(BUILT_PRODUCTS_DIR)/customHeaderView&FooterView.app/$(BUNDLE_EXECUTABLE_FOLDER_PATH)/customHeaderView&FooterView";
			};
			name = Release;
		};
		28A6BF722BBD608000A75528 /* Debug */ = {
			isa = XCBuildConfiguration;
			buildSettings = {
				ALWAYS_EMBED_SWIFT_STANDARD_LIBRARIES = YES;
				CODE_SIGN_STYLE = Automatic;
				CURRENT_PROJECT_VERSION = 1;
				GENERATE_INFOPLIST_FILE = YES;
				MARKETING_VERSION = 1.0;
				PRODUCT_BUNDLE_IDENTIFIER = "muh.customHeaderView-FooterViewUITests";
				PRODUCT_NAME = "$(TARGET_NAME)";
				SWIFT_EMIT_LOC_STRINGS = NO;
				SWIFT_VERSION = 5.0;
				TARGETED_DEVICE_FAMILY = "1,2";
				TEST_TARGET_NAME = "customHeaderView&FooterView";
			};
			name = Debug;
		};
		28A6BF732BBD608000A75528 /* Release */ = {
			isa = XCBuildConfiguration;
			buildSettings = {
				ALWAYS_EMBED_SWIFT_STANDARD_LIBRARIES = YES;
				CODE_SIGN_STYLE = Automatic;
				CURRENT_PROJECT_VERSION = 1;
				GENERATE_INFOPLIST_FILE = YES;
				MARKETING_VERSION = 1.0;
				PRODUCT_BUNDLE_IDENTIFIER = "muh.customHeaderView-FooterViewUITests";
				PRODUCT_NAME = "$(TARGET_NAME)";
				SWIFT_EMIT_LOC_STRINGS = NO;
				SWIFT_VERSION = 5.0;
				TARGETED_DEVICE_FAMILY = "1,2";
				TEST_TARGET_NAME = "customHeaderView&FooterView";
			};
			name = Release;
		};
/* End XCBuildConfiguration section */

/* Begin XCConfigurationList section */
		28A6BF3C2BBD607E00A75528 /* Build configuration list for PBXProject "customHeaderView&FooterView" */ = {
			isa = XCConfigurationList;
			buildConfigurations = (
				28A6BF692BBD608000A75528 /* Debug */,
				28A6BF6A2BBD608000A75528 /* Release */,
			);
			defaultConfigurationIsVisible = 0;
			defaultConfigurationName = Release;
		};
		28A6BF6B2BBD608000A75528 /* Build configuration list for PBXNativeTarget "customHeaderView&FooterView" */ = {
			isa = XCConfigurationList;
			buildConfigurations = (
				28A6BF6C2BBD608000A75528 /* Debug */,
				28A6BF6D2BBD608000A75528 /* Release */,
			);
			defaultConfigurationIsVisible = 0;
			defaultConfigurationName = Release;
		};
		28A6BF6E2BBD608000A75528 /* Build configuration list for PBXNativeTarget "customHeaderView&FooterViewTests" */ = {
			isa = XCConfigurationList;
			buildConfigurations = (
				28A6BF6F2BBD608000A75528 /* Debug */,
				28A6BF702BBD608000A75528 /* Release */,
			);
			defaultConfigurationIsVisible = 0;
			defaultConfigurationName = Release;
		};
		28A6BF712BBD608000A75528 /* Build configuration list for PBXNativeTarget "customHeaderView&FooterViewUITests" */ = {
			isa = XCConfigurationList;
			buildConfigurations = (
				28A6BF722BBD608000A75528 /* Debug */,
				28A6BF732BBD608000A75528 /* Release */,
			);
			defaultConfigurationIsVisible = 0;
			defaultConfigurationName = Release;
		};
/* End XCConfigurationList section */
	};
	rootObject = 28A6BF392BBD607E00A75528 /* Project object */;
}
